
Microsoft Visual Studio Solution File, Format Version 12.00
# Visual Studio Version 17
VisualStudioVersion = 17.11.35222.181
MinimumVisualStudioVersion = 10.0.40219.1
Project("{9A19103F-16F7-4668-BE54-9A1E7A4F7556}") = "Day1", "Day1\Day1.csproj", "{22031A29-94EB-4602-A60B-80C531F83481}"
EndProject
Project("{9A19103F-16F7-4668-BE54-9A1E7A4F7556}") = "Day2", "Day2\Day2.csproj", "{8F547FE8-690D-4A24-9182-A9E2FA515788}"
EndProject
Project("{9A19103F-16F7-4668-BE54-9A1E7A4F7556}") = "Day3", "Day3\Day3.csproj", "{CCECBF37-1122-4498-8EFB-8AD3782E9DA1}"
EndProject
Project("{9A19103F-16F7-4668-BE54-9A1E7A4F7556}") = "Day4", "Day4\Day4.csproj", "{F589069F-ADCA-4964-8E1B-EAAC06A5BA85}"
EndProject
Project("{9A19103F-16F7-4668-BE54-9A1E7A4F7556}") = "Day5", "Day5\Day5.csproj", "{37886A05-83D1-4016-ABBE-3EAC7F0A7AF7}"
EndProject
Project("{9A19103F-16F7-4668-BE54-9A1E7A4F7556}") = "Day6", "Day6\Day6.csproj", "{5AF428C6-C57C-4759-A7E6-BA906D86FE31}"
EndProject
Project("{9A19103F-16F7-4668-BE54-9A1E7A4F7556}") = "Day7", "Day7\Day7.csproj", "{1F87C2AF-B068-4E55-9BAE-1F71C00DDCA3}"
EndProject
Project("{9A19103F-16F7-4668-BE54-9A1E7A4F7556}") = "Day8", "Day8\Day8.csproj", "{EF01F363-B319-4090-ACFD-ECDBFDE09B2A}"
EndProject
Project("{FAE04EC0-301F-11D3-BF4B-00C04F79EFBC}") = "Day9", "Day9\Day9.csproj", "{4C25DFCB-62B2-4D1B-B9F8-FBFA6340AE47}"
EndProject
Project("{FAE04EC0-301F-11D3-BF4B-00C04F79EFBC}") = "Day10", "Day10\Day10.csproj", "{2E127FE1-7B0F-4AF0-B6B9-4E2C7B596083}"
EndProject
Project("{FAE04EC0-301F-11D3-BF4B-00C04F79EFBC}") = "Day11", "Day11\Day11.csproj", "{B92720BC-C8FE-49F2-8D85-61FFECCD6FDA}"
EndProject
Project("{FAE04EC0-301F-11D3-BF4B-00C04F79EFBC}") = "Day12", "Day12\Day12.csproj", "{929C967B-EA89-4149-AC02-59CB52093EE9}"
EndProject
Global
	GlobalSection(SolutionConfigurationPlatforms) = preSolution
		Debug|Any CPU = Debug|Any CPU
		Release|Any CPU = Release|Any CPU
	EndGlobalSection
	GlobalSection(ProjectConfigurationPlatforms) = postSolution
		{22031A29-94EB-4602-A60B-80C531F83481}.Debug|Any CPU.ActiveCfg = Debug|Any CPU
		{22031A29-94EB-4602-A60B-80C531F83481}.Debug|Any CPU.Build.0 = Debug|Any CPU
		{22031A29-94EB-4602-A60B-80C531F83481}.Release|Any CPU.ActiveCfg = Release|Any CPU
		{22031A29-94EB-4602-A60B-80C531F83481}.Release|Any CPU.Build.0 = Release|Any CPU
		{8F547FE8-690D-4A24-9182-A9E2FA515788}.Debug|Any CPU.ActiveCfg = Debug|Any CPU
		{8F547FE8-690D-4A24-9182-A9E2FA515788}.Debug|Any CPU.Build.0 = Debug|Any CPU
		{8F547FE8-690D-4A24-9182-A9E2FA515788}.Release|Any CPU.ActiveCfg = Release|Any CPU
		{8F547FE8-690D-4A24-9182-A9E2FA515788}.Release|Any CPU.Build.0 = Release|Any CPU
		{CCECBF37-1122-4498-8EFB-8AD3782E9DA1}.Debug|Any CPU.ActiveCfg = Debug|Any CPU
		{CCECBF37-1122-4498-8EFB-8AD3782E9DA1}.Debug|Any CPU.Build.0 = Debug|Any CPU
		{CCECBF37-1122-4498-8EFB-8AD3782E9DA1}.Release|Any CPU.ActiveCfg = Release|Any CPU
		{CCECBF37-1122-4498-8EFB-8AD3782E9DA1}.Release|Any CPU.Build.0 = Release|Any CPU
		{F589069F-ADCA-4964-8E1B-EAAC06A5BA85}.Debug|Any CPU.ActiveCfg = Debug|Any CPU
		{F589069F-ADCA-4964-8E1B-EAAC06A5BA85}.Debug|Any CPU.Build.0 = Debug|Any CPU
		{F589069F-ADCA-4964-8E1B-EAAC06A5BA85}.Release|Any CPU.ActiveCfg = Release|Any CPU
		{F589069F-ADCA-4964-8E1B-EAAC06A5BA85}.Release|Any CPU.Build.0 = Release|Any CPU
		{37886A05-83D1-4016-ABBE-3EAC7F0A7AF7}.Debug|Any CPU.ActiveCfg = Debug|Any CPU
		{37886A05-83D1-4016-ABBE-3EAC7F0A7AF7}.Debug|Any CPU.Build.0 = Debug|Any CPU
		{37886A05-83D1-4016-ABBE-3EAC7F0A7AF7}.Release|Any CPU.ActiveCfg = Release|Any CPU
		{37886A05-83D1-4016-ABBE-3EAC7F0A7AF7}.Release|Any CPU.Build.0 = Release|Any CPU
		{5AF428C6-C57C-4759-A7E6-BA906D86FE31}.Debug|Any CPU.ActiveCfg = Debug|Any CPU
		{5AF428C6-C57C-4759-A7E6-BA906D86FE31}.Debug|Any CPU.Build.0 = Debug|Any CPU
		{5AF428C6-C57C-4759-A7E6-BA906D86FE31}.Release|Any CPU.ActiveCfg = Release|Any CPU
		{5AF428C6-C57C-4759-A7E6-BA906D86FE31}.Release|Any CPU.Build.0 = Release|Any CPU
		{1F87C2AF-B068-4E55-9BAE-1F71C00DDCA3}.Debug|Any CPU.ActiveCfg = Debug|Any CPU
		{1F87C2AF-B068-4E55-9BAE-1F71C00DDCA3}.Debug|Any CPU.Build.0 = Debug|Any CPU
		{1F87C2AF-B068-4E55-9BAE-1F71C00DDCA3}.Release|Any CPU.ActiveCfg = Release|Any CPU
		{1F87C2AF-B068-4E55-9BAE-1F71C00DDCA3}.Release|Any CPU.Build.0 = Release|Any CPU
		{EF01F363-B319-4090-ACFD-ECDBFDE09B2A}.Debug|Any CPU.ActiveCfg = Debug|Any CPU
		{EF01F363-B319-4090-ACFD-ECDBFDE09B2A}.Debug|Any CPU.Build.0 = Debug|Any CPU
		{EF01F363-B319-4090-ACFD-ECDBFDE09B2A}.Release|Any CPU.ActiveCfg = Release|Any CPU
		{EF01F363-B319-4090-ACFD-ECDBFDE09B2A}.Release|Any CPU.Build.0 = Release|Any CPU
		{4C25DFCB-62B2-4D1B-B9F8-FBFA6340AE47}.Debug|Any CPU.ActiveCfg = Debug|Any CPU
		{4C25DFCB-62B2-4D1B-B9F8-FBFA6340AE47}.Debug|Any CPU.Build.0 = Debug|Any CPU
		{4C25DFCB-62B2-4D1B-B9F8-FBFA6340AE47}.Release|Any CPU.ActiveCfg = Release|Any CPU
		{4C25DFCB-62B2-4D1B-B9F8-FBFA6340AE47}.Release|Any CPU.Build.0 = Release|Any CPU
		{2E127FE1-7B0F-4AF0-B6B9-4E2C7B596083}.Debug|Any CPU.ActiveCfg = Debug|Any CPU
		{2E127FE1-7B0F-4AF0-B6B9-4E2C7B596083}.Debug|Any CPU.Build.0 = Debug|Any CPU
		{2E127FE1-7B0F-4AF0-B6B9-4E2C7B596083}.Release|Any CPU.ActiveCfg = Release|Any CPU
		{2E127FE1-7B0F-4AF0-B6B9-4E2C7B596083}.Release|Any CPU.Build.0 = Release|Any CPU
		{B92720BC-C8FE-49F2-8D85-61FFECCD6FDA}.Debug|Any CPU.ActiveCfg = Debug|Any CPU
		{B92720BC-C8FE-49F2-8D85-61FFECCD6FDA}.Debug|Any CPU.Build.0 = Debug|Any CPU
		{B92720BC-C8FE-49F2-8D85-61FFECCD6FDA}.Release|Any CPU.ActiveCfg = Release|Any CPU
		{B92720BC-C8FE-49F2-8D85-61FFECCD6FDA}.Release|Any CPU.Build.0 = Release|Any CPU
		{929C967B-EA89-4149-AC02-59CB52093EE9}.Debug|Any CPU.ActiveCfg = Debug|Any CPU
		{929C967B-EA89-4149-AC02-59CB52093EE9}.Debug|Any CPU.Build.0 = Debug|Any CPU
		{929C967B-EA89-4149-AC02-59CB52093EE9}.Release|Any CPU.ActiveCfg = Release|Any CPU
		{929C967B-EA89-4149-AC02-59CB52093EE9}.Release|Any CPU.Build.0 = Release|Any CPU
	EndGlobalSection
	GlobalSection(SolutionProperties) = preSolution
		HideSolutionNode = FALSE
	EndGlobalSection
	GlobalSection(ExtensibilityGlobals) = postSolution
		SolutionGuid = {B99F4BA8-71AC-4CE9-B960-89AEB7A87569}
	EndGlobalSection
EndGlobal
